# THIS IS AN AUTOGENERATED FILE. DO NOT EDIT THIS FILE DIRECTLY.
# yarn lockfile v1


csv-parse@^4.3.1:
  version "4.3.1"
  resolved "https://registry.yarnpkg.com/csv-parse/-/csv-parse-4.3.1.tgz#b2b92a4068106d6713952050593b2be06ec1a577"
  integrity sha512-1V98UTtfefu8yKdYIGX1LFhfE2yMllveq2uCBay5y4ybfTzvW6I4M6r8Yc2YnKJdJBUig5ksEMh/bLqKg4vEMQ==
